// !$*UTF8*$!
{
	archiveVersion = 1;
	classes = {
	};
	objectVersion = 56;
	objects = {
		FEF39F05365BDEAD8C9EEB4D = {
			isa = "PBXFileReference";
			lastKnownFileType = "sourcecode.swift";
			path = "ImageTestFixture.swift";
			sourceTree = "<group>";
		};
		F977A31DC4B14B366B0CEB63 = {
			isa = "PBXBuildFile";
			fileRef = "FEF39F05365BDEAD8C9EEB4D";
		};
		B10000000000000000000001 = {
			isa = "PBXFileReference";
			lastKnownFileType = "folder.assetcatalog";
			path = "Assets.xcassets";
			sourceTree = "<group>";
		};
		B10000000000000000000002 = {
			isa = "PBXBuildFile";
			fileRef = "B10000000000000000000001";
		};
		D7D9B3F0450C52A0D4C64907 = {
			isa = "PBXFileReference";
			lastKnownFileType = "sourcecode.swift";
			path = "FitPhotoSpikeApp.swift";
			sourceTree = "<group>";
		};
		8191D8A2CAD4A3CDDAF54967 = {
			isa = "PBXBuildFile";
			fileRef = "D7D9B3F0450C52A0D4C64907";
		};
		3F912F131C250314848570FF = {
			isa = "PBXFileReference";
			lastKnownFileType = "text.plist.xml";
			path = "Info.plist";
			sourceTree = "<group>";
		};
		2BD7D6C9E1077A20D1A9A30F = {
			isa = "PBXFileReference";
			lastKnownFileType = "text.xml";
			path = "PrivacyInfo.xcprivacy";
			sourceTree = "<group>";
		};
		2662447B25E647D25D0012C3 = {
			isa = "PBXBuildFile";
			fileRef = "2BD7D6C9E1077A20D1A9A30F";
		};
		122FDCC92684B9C82011C8D2 = {
			isa = "PBXGroup";
			children = (
				"D7D9B3F0450C52A0D4C64907",
				"3F912F131C250314848570FF",
				"2BD7D6C9E1077A20D1A9A30F",
			);
			path = "App";
			sourceTree = "<group>";
		};
		CDB480DB475552E206A18948 = {
			isa = "PBXFileReference";
			lastKnownFileType = "sourcecode.swift";
			path = "CanvasGeometry.swift";
			sourceTree = "<group>";
		};
		829C11D8A2A4BB5B369D5327 = {
			isa = "PBXBuildFile";
			fileRef = "CDB480DB475552E206A18948";
		};
		9F27E9452A8EDB34632E0A28 = {
			isa = "PBXFileReference";
			lastKnownFileType = "sourcecode.swift";
			path = "ImageRenderer.swift";
			sourceTree = "<group>";
		};
		2A0407726B5B9B8BB0845338 = {
			isa = "PBXBuildFile";
			fileRef = "9F27E9452A8EDB34632E0A28";
		};
		61DC165F202C885F4D4B01B6 = {
			isa = "PBXGroup";
			children = (
				"CDB480DB475552E206A18948",
				"9F27E9452A8EDB34632E0A28",
				"C979A7B4105E7D014414994F",
				"719B60BE826F1BB0632BF085",
			);
			path = "ImageProcessing";
			sourceTree = "<group>";
		};
		5CAA50544E37D651D86E4B86 = {
			isa = "PBXFileReference";
			lastKnownFileType = "sourcecode.swift";
			path = "ContentView.swift";
			sourceTree = "<group>";
		};
		3ECE8A4AFEE649306556B079 = {
			isa = "PBXBuildFile";
			fileRef = "5CAA50544E37D651D86E4B86";
		};
		577159CFD869163D7A997466 = {
			isa = "PBXGroup";
			children = (
				"5CAA50544E37D651D86E4B86",
				"2AD407E384717BB9DE2CFB08",
				"115AAA16EFCD6E1F5608A70A",
				"F0B4D3D2E4B7E48DBDDDACFA",
			);
			path = "Views";
			sourceTree = "<group>";
		};
		CAB5B32DE164CA616A7ACC15 = {
			isa = "PBXGroup";
			children = (
				"B10000000000000000000001",
				"122FDCC92684B9C82011C8D2",
				"61DC165F202C885F4D4B01B6",
				"577159CFD869163D7A997466",
				"50E339DFD41A86BCFB1CF12E",
				"AD55B577F63DA4DB61DA96FD",
			);
			path = "FitPhotoSpike";
			sourceTree = "<group>";
		};
		BF3686D054740BD1BB8408AF = {
			isa = "PBXFileReference";
			lastKnownFileType = "sourcecode.swift";
			path = "ImageRendererTests.swift";
			sourceTree = "<group>";
		};
		331C5946716BD45C2F5E8D8F = {
			isa = "PBXBuildFile";
			fileRef = "BF3686D054740BD1BB8408AF";
		};
		E05C5E314CF0B96E241F0E07 = {
			isa = "PBXGroup";
			children = (
				"FEF39F05365BDEAD8C9EEB4D",
				"BF3686D054740BD1BB8408AF",
				"B6DBA390B076FAC14356EF29",
				"77D0D29551F02B7181646071",
				"AFBF298278F3E5C870582006",
				"B7CB01B514D2C203EF4D9E96",
				"5068000FDB902F52F2D1F991",
				"14D3E2B1F5AF78A0B46B8292",
			);
			path = "FitPhotoSpikeTests";
			sourceTree = "<group>";
		};
		DC06D6BFE504B9DFD668991F = {
			isa = "PBXFileReference";
			explicitFileType = "wrapper.application";
			includeInIndex = 0;
			path = "FitPhotoSpike.app";
			sourceTree = "BUILT_PRODUCTS_DIR";
		};
		4DBC6C3F6C1AB9AC44D37FF9 = {
			isa = "PBXFileReference";
			explicitFileType = "wrapper.cfbundle";
			includeInIndex = 0;
			path = "FitPhotoSpikeTests.xctest";
			sourceTree = "BUILT_PRODUCTS_DIR";
		};
		EC318C21FAECDB5874C4DE37 = {
			isa = "PBXGroup";
			children = (
				"DC06D6BFE504B9DFD668991F",
				"4DBC6C3F6C1AB9AC44D37FF9",
			);
			name = "Products";
			sourceTree = "<group>";
		};
		164CCC12A382C4149D589A2A = {
			isa = "PBXGroup";
			children = (
				"CAB5B32DE164CA616A7ACC15",
				"E05C5E314CF0B96E241F0E07",
				"EC318C21FAECDB5874C4DE37",
			);
			sourceTree = "<group>";
		};
		7053037E3B7583DC4BA97679 = {
			isa = "PBXSourcesBuildPhase";
			buildActionMask = 2147483647;
			files = (
				"8191D8A2CAD4A3CDDAF54967",
				"829C11D8A2A4BB5B369D5327",
				"2A0407726B5B9B8BB0845338",
				"3ECE8A4AFEE649306556B079",
				"ECF7CEEF566B6C2757BAA842",
				"1E6EF692F3869E15F52E9DC2",
				"A06C7388E0389B364B2834EE",
				"5559921CE68DC8DE0227B225",
				"4DC23C91F8B3175474F4F29F",
				"90BC54B7C6FE85D67F25CBE8",
				"64966AC852CCD35736D1AEE3",
				"3C8ACCABC8D69035558CF563",
				"65F4BE2F0FF5BF93340E6FA1",
				"BCD5F706E6210B3DA2E02597",
				"9A86BFE2CD4AF74987DE1FDE",
			);
			runOnlyForDeploymentPostprocessing = 0;
		};
		9FF1E31E7B07F848619FB073 = {
			isa = "PBXFrameworksBuildPhase";
			buildActionMask = 2147483647;
			files = (
			);
			runOnlyForDeploymentPostprocessing = 0;
		};
		F49F7AF7150FDBC17D89E7EE = {
			isa = "PBXResourcesBuildPhase";
			buildActionMask = 2147483647;
			files = (
				"B10000000000000000000002",
				"2662447B25E647D25D0012C3",
			);
			runOnlyForDeploymentPostprocessing = 0;
		};
		EF5513190719EE6457D04784 = {
			isa = "PBXSourcesBuildPhase";
			buildActionMask = 2147483647;
			files = (
				"F977A31DC4B14B366B0CEB63",
				"331C5946716BD45C2F5E8D8F",
				"5780F29B9B25AC95B1BAAD8A",
				"D51A9C69B5D8CA12173CAB55",
				"D2CDDF2436564087050C3094",
				"B2B18E9496D877426265886C",
				"F36C7D489198B84C3DDC3AED",
				"EE31113832681DFBFFD95A02",
			);
			runOnlyForDeploymentPostprocessing = 0;
		};
		8D82AED735BDF2A94E3DD5FD = {
			isa = "PBXFrameworksBuildPhase";
			buildActionMask = 2147483647;
			files = (
			);
			runOnlyForDeploymentPostprocessing = 0;
		};
		E83CE2EDCA42621BE7A6F025 = {
			isa = "PBXResourcesBuildPhase";
			buildActionMask = 2147483647;
			files = (
			);
			runOnlyForDeploymentPostprocessing = 0;
		};
		9184E1CE6024F0A9FEF95DDB = {
			isa = "XCBuildConfiguration";
			buildSettings = {
				ALWAYS_SEARCH_USER_PATHS = "NO";
				CLANG_ENABLE_MODULES = "YES";
				CLANG_ENABLE_OBJC_ARC = "YES";
				CLANG_WARN_DOCUMENTATION_COMMENTS = "YES";
				CLANG_WARN_UNREACHABLE_CODE = "YES";
				COPY_PHASE_STRIP = "NO";
				ENABLE_STRICT_OBJC_MSGSEND = "YES";
				GCC_C_LANGUAGE_STANDARD = "gnu17";
				GCC_NO_COMMON_BLOCKS = "YES";
				GCC_WARN_64_TO_32_BIT_CONVERSION = "YES";
				GCC_WARN_ABOUT_RETURN_TYPE = "YES_ERROR";
				GCC_WARN_UNINITIALIZED_AUTOS = "YES_AGGRESSIVE";
				GCC_WARN_UNUSED_FUNCTION = "YES";
				GCC_WARN_UNUSED_VARIABLE = "YES";
				IPHONEOS_DEPLOYMENT_TARGET = "18.0";
				SDKROOT = "iphoneos";
				SWIFT_VERSION = "5.0";
				DEBUG_INFORMATION_FORMAT = "dwarf";
				ENABLE_TESTABILITY = "YES";
				GCC_OPTIMIZATION_LEVEL = 0;
				GCC_PREPROCESSOR_DEFINITIONS = (
					"DEBUG=1",
					"$(inherited)",
				);
				ONLY_ACTIVE_ARCH = "YES";
				SWIFT_ACTIVE_COMPILATION_CONDITIONS = (
					"DEBUG",
					"$(inherited)",
				);
				SWIFT_OPTIMIZATION_LEVEL = "-Onone";
			};
			name = "Debug";
		};
		DB68EF61D13E4314CA7817B8 = {
			isa = "XCBuildConfiguration";
			buildSettings = {
				ALWAYS_SEARCH_USER_PATHS = "NO";
				CLANG_ENABLE_MODULES = "YES";
				CLANG_ENABLE_OBJC_ARC = "YES";
				CLANG_WARN_DOCUMENTATION_COMMENTS = "YES";
				CLANG_WARN_UNREACHABLE_CODE = "YES";
				COPY_PHASE_STRIP = "NO";
				ENABLE_STRICT_OBJC_MSGSEND = "YES";
				GCC_C_LANGUAGE_STANDARD = "gnu17";
				GCC_NO_COMMON_BLOCKS = "YES";
				GCC_WARN_64_TO_32_BIT_CONVERSION = "YES";
				GCC_WARN_ABOUT_RETURN_TYPE = "YES_ERROR";
				GCC_WARN_UNINITIALIZED_AUTOS = "YES_AGGRESSIVE";
				GCC_WARN_UNUSED_FUNCTION = "YES";
				GCC_WARN_UNUSED_VARIABLE = "YES";
				IPHONEOS_DEPLOYMENT_TARGET = "18.0";
				SDKROOT = "iphoneos";
				SWIFT_VERSION = "5.0";
				DEBUG_INFORMATION_FORMAT = "dwarf-with-dsym";
				SWIFT_COMPILATION_MODE = "wholemodule";
				SWIFT_OPTIMIZATION_LEVEL = "-O";
				VALIDATE_PRODUCT = "YES";
			};
			name = "Release";
		};
		7872220A24670EA3934EFB5B = {
			isa = "XCConfigurationList";
			buildConfigurations = (
				"9184E1CE6024F0A9FEF95DDB",
				"DB68EF61D13E4314CA7817B8",
			);
			defaultConfigurationIsVisible = 0;
			defaultConfigurationName = "Release";
		};
		A0DC60AA0A0C68EE1B420A62 = {
			isa = "XCBuildConfiguration";
			buildSettings = {
				ASSETCATALOG_COMPILER_APPICON_NAME = "AppIcon";
				CODE_SIGN_STYLE = "Automatic";
				CURRENT_PROJECT_VERSION = "10.1.0";
				DEVELOPMENT_TEAM = "";
				GENERATE_INFOPLIST_FILE = "NO";
				INFOPLIST_FILE = "FitPhotoSpike/App/Info.plist";
				LD_RUNPATH_SEARCH_PATHS = (
					"$(inherited)",
					"@executable_path/Frameworks",
				);
				MARKETING_VERSION = "0.1.0";
				PRODUCT_BUNDLE_IDENTIFIER = "com.example.FitPhotoSpike";
				PRODUCT_NAME = "$(TARGET_NAME)";
				SUPPORTED_PLATFORMS = "iphoneos iphonesimulator";
				SUPPORTS_MACCATALYST = "NO";
				SUPPORTS_MAC_DESIGNED_FOR_IPHONE_IPAD = "NO";
				TARGETED_DEVICE_FAMILY = "1";
				ENABLE_PREVIEWS = "YES";
			};
			name = "Debug";
		};
		CCA16C929662775B39DA816B = {
			isa = "XCBuildConfiguration";
			buildSettings = {
				ASSETCATALOG_COMPILER_APPICON_NAME = "AppIcon";
				CODE_SIGN_STYLE = "Automatic";
				CURRENT_PROJECT_VERSION = "10.1.0";
				DEVELOPMENT_TEAM = "";
				GENERATE_INFOPLIST_FILE = "NO";
				INFOPLIST_FILE = "FitPhotoSpike/App/Info.plist";
				LD_RUNPATH_SEARCH_PATHS = (
					"$(inherited)",
					"@executable_path/Frameworks",
				);
				MARKETING_VERSION = "0.1.0";
				PRODUCT_BUNDLE_IDENTIFIER = "com.example.FitPhotoSpike";
				PRODUCT_NAME = "$(TARGET_NAME)";
				SUPPORTED_PLATFORMS = "iphoneos iphonesimulator";
				SUPPORTS_MACCATALYST = "NO";
				SUPPORTS_MAC_DESIGNED_FOR_IPHONE_IPAD = "NO";
				TARGETED_DEVICE_FAMILY = "1";
			};
			name = "Release";
		};
		E485D721CB5B66699258BD42 = {
			isa = "XCConfigurationList";
			buildConfigurations = (
				"A0DC60AA0A0C68EE1B420A62",
				"CCA16C929662775B39DA816B",
			);
			defaultConfigurationIsVisible = 0;
			defaultConfigurationName = "Release";
		};
		E2FFED1CBCBB4A722258187D = {
			isa = "XCBuildConfiguration";
			buildSettings = {
				BUNDLE_LOADER = "$(TEST_HOST)";
				CODE_SIGN_STYLE = "Automatic";
				CURRENT_PROJECT_VERSION = "10.1.0";
				DEVELOPMENT_TEAM = "";
				GENERATE_INFOPLIST_FILE = "YES";
				LD_RUNPATH_SEARCH_PATHS = (
					"$(inherited)",
					"@executable_path/Frameworks",
					"@loader_path/Frameworks",
				);
				MARKETING_VERSION = "0.1.0";
				PRODUCT_BUNDLE_IDENTIFIER = "com.example.FitPhotoSpikeTests";
				PRODUCT_NAME = "$(TARGET_NAME)";
				SUPPORTED_PLATFORMS = "iphoneos iphonesimulator";
				SUPPORTS_MACCATALYST = "NO";
				TARGETED_DEVICE_FAMILY = "1";
				TEST_HOST = "$(BUILT_PRODUCTS_DIR)/FitPhotoSpike.app/FitPhotoSpike";
				TEST_TARGET_NAME = "FitPhotoSpike";
			};
			name = "Debug";
		};
		C66BB17F1820BFF82048795D = {
			isa = "XCBuildConfiguration";
			buildSettings = {
				BUNDLE_LOADER = "$(TEST_HOST)";
				CODE_SIGN_STYLE = "Automatic";
				CURRENT_PROJECT_VERSION = "10.1.0";
				DEVELOPMENT_TEAM = "";
				GENERATE_INFOPLIST_FILE = "YES";
				LD_RUNPATH_SEARCH_PATHS = (
					"$(inherited)",
					"@executable_path/Frameworks",
					"@loader_path/Frameworks",
				);
				MARKETING_VERSION = "0.1.0";
				PRODUCT_BUNDLE_IDENTIFIER = "com.example.FitPhotoSpikeTests";
				PRODUCT_NAME = "$(TARGET_NAME)";
				SUPPORTED_PLATFORMS = "iphoneos iphonesimulator";
				SUPPORTS_MACCATALYST = "NO";
				TARGETED_DEVICE_FAMILY = "1";
				TEST_HOST = "$(BUILT_PRODUCTS_DIR)/FitPhotoSpike.app/FitPhotoSpike";
				TEST_TARGET_NAME = "FitPhotoSpike";
			};
			name = "Release";
		};
		56A5FDF0385157F2B4DB709C = {
			isa = "XCConfigurationList";
			buildConfigurations = (
				"E2FFED1CBCBB4A722258187D",
				"C66BB17F1820BFF82048795D",
			);
			defaultConfigurationIsVisible = 0;
			defaultConfigurationName = "Release";
		};
		C3B7FB3CEB299F9E2071511B = {
			isa = "PBXNativeTarget";
			buildConfigurationList = "E485D721CB5B66699258BD42";
			buildPhases = (
				"7053037E3B7583DC4BA97679",
				"9FF1E31E7B07F848619FB073",
				"F49F7AF7150FDBC17D89E7EE",
			);
			buildRules = (
			);
			dependencies = (
			);
			name = "FitPhotoSpike";
			productName = "FitPhotoSpike";
			productReference = "DC06D6BFE504B9DFD668991F";
			productType = "com.apple.product-type.application";
		};
		2787A3613175508B47BC6CEF = {
			isa = "PBXContainerItemProxy";
			containerPortal = "0F8369B90662C6531368E2A7";
			proxyType = 1;
			remoteGlobalIDString = "C3B7FB3CEB299F9E2071511B";
			remoteInfo = "FitPhotoSpike";
		};
		281622496A31F1980B5920EA = {
			isa = "PBXTargetDependency";
			target = "C3B7FB3CEB299F9E2071511B";
			targetProxy = "2787A3613175508B47BC6CEF";
		};
		C51C43F50AEFAA90A2251CAB = {
			isa = "PBXNativeTarget";
			buildConfigurationList = "56A5FDF0385157F2B4DB709C";
			buildPhases = (
				"EF5513190719EE6457D04784",
				"8D82AED735BDF2A94E3DD5FD",
				"E83CE2EDCA42621BE7A6F025",
			);
			buildRules = (
			);
			dependencies = (
				"281622496A31F1980B5920EA",
			);
			name = "FitPhotoSpikeTests";
			productName = "FitPhotoSpikeTests";
			productReference = "4DBC6C3F6C1AB9AC44D37FF9";
			productType = "com.apple.product-type.bundle.unit-test";
		};
		0F8369B90662C6531368E2A7 = {
			isa = "PBXProject";
			attributes = {
				BuildIndependentTargetsInParallel = "YES";
				LastSwiftUpdateCheck = 1600;
				LastUpgradeCheck = 1600;
				TargetAttributes = {
					C3B7FB3CEB299F9E2071511B = {
						CreatedOnToolsVersion = "16.0";
					};
					C51C43F50AEFAA90A2251CAB = {
						CreatedOnToolsVersion = "16.0";
						TestTargetID = "C3B7FB3CEB299F9E2071511B";
					};
				};
			};
			buildConfigurationList = "7872220A24670EA3934EFB5B";
			compatibilityVersion = "Xcode 14.0";
			developmentRegion = "en";
			hasScannedForEncodings = 0;
			knownRegions = (
				"en",
				"Base",
			);
			mainGroup = "164CCC12A382C4149D589A2A";
			productRefGroup = "EC318C21FAECDB5874C4DE37";
			projectDirPath = "";
			projectRoot = "";
			targets = (
				"C3B7FB3CEB299F9E2071511B",
				"C51C43F50AEFAA90A2251CAB",
			);
		};
		50E339DFD41A86BCFB1CF12E = {
			isa = "PBXGroup";
			children = (
				"4F208397C9324BE55A06C3BC",
				"B42AFB10CF97F4DA05EDB31F",
			);
			path = "AppFlow";
			sourceTree = "<group>";
		};
		AD55B577F63DA4DB61DA96FD = {
			isa = "PBXGroup";
			children = (
				"41E3269DA3434170667069D8",
				"8F5ACE40951342373DC69C36",
				"9332AF947D702032F658BC01",
				"5B4AA656088C49A7C331233E",
			);
			path = "Platform";
			sourceTree = "<group>";
		};
		4F208397C9324BE55A06C3BC = {
			isa = "PBXFileReference";
			lastKnownFileType = "sourcecode.swift";
			path = "AppSessionFiles.swift";
			sourceTree = "<group>";
		};
		ECF7CEEF566B6C2757BAA842 = {
			isa = "PBXBuildFile";
			fileRef = "4F208397C9324BE55A06C3BC";
		};
		B42AFB10CF97F4DA05EDB31F = {
			isa = "PBXFileReference";
			lastKnownFileType = "sourcecode.swift";
			path = "FitPhotosModel.swift";
			sourceTree = "<group>";
		};
		1E6EF692F3869E15F52E9DC2 = {
			isa = "PBXBuildFile";
			fileRef = "B42AFB10CF97F4DA05EDB31F";
		};
		C979A7B4105E7D014414994F = {
			isa = "PBXFileReference";
			lastKnownFileType = "sourcecode.swift";
			path = "AppBatchProcessor.swift";
			sourceTree = "<group>";
		};
		A06C7388E0389B364B2834EE = {
			isa = "PBXBuildFile";
			fileRef = "C979A7B4105E7D014414994F";
		};
		719B60BE826F1BB0632BF085 = {
			isa = "PBXFileReference";
			lastKnownFileType = "sourcecode.swift";
			path = "OutputRatio.swift";
			sourceTree = "<group>";
		};
		5559921CE68DC8DE0227B225 = {
			isa = "PBXBuildFile";
			fileRef = "719B60BE826F1BB0632BF085";
		};
		41E3269DA3434170667069D8 = {
			isa = "PBXFileReference";
			lastKnownFileType = "sourcecode.swift";
			path = "BatchShareSheet.swift";
			sourceTree = "<group>";
		};
		4DC23C91F8B3175474F4F29F = {
			isa = "PBXBuildFile";
			fileRef = "41E3269DA3434170667069D8";
		};
		8F5ACE40951342373DC69C36 = {
			isa = "PBXFileReference";
			lastKnownFileType = "sourcecode.swift";
			path = "PhotoLibrarySaver.swift";
			sourceTree = "<group>";
		};
		90BC54B7C6FE85D67F25CBE8 = {
			isa = "PBXBuildFile";
			fileRef = "8F5ACE40951342373DC69C36";
		};
		9332AF947D702032F658BC01 = {
			isa = "PBXFileReference";
			lastKnownFileType = "sourcecode.swift";
			path = "PhotoSelectionPicker.swift";
			sourceTree = "<group>";
		};
		64966AC852CCD35736D1AEE3 = {
			isa = "PBXBuildFile";
			fileRef = "9332AF947D702032F658BC01";
		};
		5B4AA656088C49A7C331233E = {
			isa = "PBXFileReference";
			lastKnownFileType = "sourcecode.swift";
			path = "PickerFileLoader.swift";
			sourceTree = "<group>";
		};
		3C8ACCABC8D69035558CF563 = {
			isa = "PBXBuildFile";
			fileRef = "5B4AA656088C49A7C331233E";
		};
		2AD407E384717BB9DE2CFB08 = {
			isa = "PBXFileReference";
			lastKnownFileType = "sourcecode.swift";
			path = "FileThumbnail.swift";
			sourceTree = "<group>";
		};
		65F4BE2F0FF5BF93340E6FA1 = {
			isa = "PBXBuildFile";
			fileRef = "2AD407E384717BB9DE2CFB08";
		};
		115AAA16EFCD6E1F5608A70A = {
			isa = "PBXFileReference";
			lastKnownFileType = "sourcecode.swift";
			path = "PhotoPreview.swift";
			sourceTree = "<group>";
		};
		BCD5F706E6210B3DA2E02597 = {
			isa = "PBXBuildFile";
			fileRef = "115AAA16EFCD6E1F5608A70A";
		};
		F0B4D3D2E4B7E48DBDDDACFA = {
			isa = "PBXFileReference";
			lastKnownFileType = "sourcecode.swift";
			path = "RatioChooser.swift";
			sourceTree = "<group>";
		};
		9A86BFE2CD4AF74987DE1FDE = {
			isa = "PBXBuildFile";
			fileRef = "F0B4D3D2E4B7E48DBDDDACFA";
		};
		B6DBA390B076FAC14356EF29 = {
			isa = "PBXFileReference";
			lastKnownFileType = "sourcecode.swift";
			path = "AppBatchProcessorTests.swift";
			sourceTree = "<group>";
		};
		5780F29B9B25AC95B1BAAD8A = {
			isa = "PBXBuildFile";
			fileRef = "B6DBA390B076FAC14356EF29";
		};
		77D0D29551F02B7181646071 = {
			isa = "PBXFileReference";
			lastKnownFileType = "sourcecode.swift";
			path = "AppSessionFilesTests.swift";
			sourceTree = "<group>";
		};
		D51A9C69B5D8CA12173CAB55 = {
			isa = "PBXBuildFile";
			fileRef = "77D0D29551F02B7181646071";
		};
		AFBF298278F3E5C870582006 = {
			isa = "PBXFileReference";
			lastKnownFileType = "sourcecode.swift";
			path = "FixedOutputRendererTests.swift";
			sourceTree = "<group>";
		};
		D2CDDF2436564087050C3094 = {
			isa = "PBXBuildFile";
			fileRef = "AFBF298278F3E5C870582006";
		};
		B7CB01B514D2C203EF4D9E96 = {
			isa = "PBXFileReference";
			lastKnownFileType = "sourcecode.swift";
			path = "OutputRatioTests.swift";
			sourceTree = "<group>";
		};
		B2B18E9496D877426265886C = {
			isa = "PBXBuildFile";
			fileRef = "B7CB01B514D2C203EF4D9E96";
		};
		5068000FDB902F52F2D1F991 = {
			isa = "PBXFileReference";
			lastKnownFileType = "sourcecode.swift";
			path = "PhotoLibrarySaverTests.swift";
			sourceTree = "<group>";
		};
		F36C7D489198B84C3DDC3AED = {
			isa = "PBXBuildFile";
			fileRef = "5068000FDB902F52F2D1F991";
		};
		14D3E2B1F5AF78A0B46B8292 = {
			isa = "PBXFileReference";
			lastKnownFileType = "sourcecode.swift";
			path = "PickerFileLoaderTests.swift";
			sourceTree = "<group>";
		};
		EE31113832681DFBFFD95A02 = {
			isa = "PBXBuildFile";
			fileRef = "14D3E2B1F5AF78A0B46B8292";
		};
	};
	rootObject = "0F8369B90662C6531368E2A7";
}
